
Microsoft Visual Studio Solution File, Format Version 12.00
# Visual Studio Version 17
VisualStudioVersion = 17.1.32319.34
MinimumVisualStudioVersion = 10.0.40219.1
Project("{9A19103F-16F7-4668-BE54-9A1E7A4F7556}") = "MyResume", "MyResume\MyResume.csproj", "{D42DC461-4600-4361-B7E6-CF3F052F3B00}"
EndProject
Global
	GlobalSection(SolutionConfigurationPlatforms) = preSolution
		Debug|Any CPU = Debug|Any CPU
		Release|Any CPU = Release|Any CPU
	EndGlobalSection
	GlobalSection(ProjectConfigurationPlatforms) = postSolution
		{D42DC461-4600-4361-B7E6-CF3F052F3B00}.Debug|Any CPU.ActiveCfg = Debug|Any CPU
		{D42DC461-4600-4361-B7E6-CF3F052F3B00}.Debug|Any CPU.Build.0 = Debug|Any CPU
		{D42DC461-4600-4361-B7E6-CF3F052F3B00}.Release|Any CPU.ActiveCfg = Release|Any CPU
		{D42DC461-4600-4361-B7E6-CF3F052F3B00}.Release|Any CPU.Build.0 = Release|Any CPU
	EndGlobalSection
	GlobalSection(SolutionProperties) = preSolution
		HideSolutionNode = FALSE
	EndGlobalSection
	GlobalSection(ExtensibilityGlobals) = postSolution
		SolutionGuid = {FDB65463-6E4C-447A-96C0-6858BD720666}
	EndGlobalSection
EndGlobal
